
Microsoft Visual Studio Solution File, Format Version 12.00
# Visual Studio Version 17
VisualStudioVersion = 17.0.32112.339
MinimumVisualStudioVersion = 10.0.40219.1
Project("{2150E333-8FDC-42A3-9474-1A3956D46DE8}") = "1. Enterprise Business Rules", "1. Enterprise Business Rules", "{C8DD602F-50FC-40F0-BB6B-F5ACC6EF5B22}"
EndProject
Project("{2150E333-8FDC-42A3-9474-1A3956D46DE8}") = "2. Application Business Rules", "2. Application Business Rules", "{BA78EF3E-3BF0-4986-8E43-D0BC3F3DF0F1}"
EndProject
Project("{2150E333-8FDC-42A3-9474-1A3956D46DE8}") = "3. Interface Adapters", "3. Interface Adapters", "{39DE4A75-7C83-445D-A2BD-A7DD93C03B05}"
EndProject
Project("{2150E333-8FDC-42A3-9474-1A3956D46DE8}") = "4. Frameworks And Drivers", "4. Frameworks And Drivers", "{E6A98B03-2C5F-4363-9DC5-30B5B2A1B52F}"
EndProject
Project("{FAE04EC0-301F-11D3-BF4B-00C04F79EFBC}") = "NorthWind.Entities", "NorthWind.Entities\NorthWind.Entities.csproj", "{E25D6BBD-CA20-4208-8EFD-3E3FCD17AA20}"
EndProject
Project("{FAE04EC0-301F-11D3-BF4B-00C04F79EFBC}") = "NorthWind.Sales.BusinessObjects", "NorthWind.Sales.BusinessObjects\NorthWind.Sales.BusinessObjects.csproj", "{B1B758EA-FD6F-4C45-8312-AB2E35DC336F}"
EndProject
Project("{FAE04EC0-301F-11D3-BF4B-00C04F79EFBC}") = "NorthWind.Sales.UseCases", "NorthWind.Sales.UseCases\NorthWind.Sales.UseCases.csproj", "{C436599F-C343-4D56-B21A-AC3E004D8CDE}"
EndProject
Project("{2150E333-8FDC-42A3-9474-1A3956D46DE8}") = "Gateways", "Gateways", "{B6E8CEB3-9B1E-431C-B154-94C5763BA696}"
EndProject
Project("{2150E333-8FDC-42A3-9474-1A3956D46DE8}") = "Repositories", "Repositories", "{84B27C97-F3BF-4A69-BF6D-A058C1B5AE9C}"
EndProject
Project("{FAE04EC0-301F-11D3-BF4B-00C04F79EFBC}") = "NorthWind.EFCore.Repositories", "NorthWind.EFCore.Repositories\NorthWind.EFCore.Repositories.csproj", "{64C40A9F-825B-4186-88D5-2373843ED193}"
EndProject
Project("{2150E333-8FDC-42A3-9474-1A3956D46DE8}") = "Presenters", "Presenters", "{BD870DDF-DADF-4A07-BC21-FB34202FB8FF}"
EndProject
Project("{FAE04EC0-301F-11D3-BF4B-00C04F79EFBC}") = "NorthWind.Sales.Presenters", "NorthWind.Sales.Presenters\NorthWind.Sales.Presenters.csproj", "{DF3132B7-51BC-4C01-9C78-359B17048EEF}"
EndProject
Project("{2150E333-8FDC-42A3-9474-1A3956D46DE8}") = "Controllers", "Controllers", "{80FDBE1A-26C3-4047-B2D2-0407774FF6C0}"
EndProject
Project("{FAE04EC0-301F-11D3-BF4B-00C04F79EFBC}") = "NorthWind.Sales.Controllers", "NorthWind.Sales.Controllers\NorthWind.Sales.Controllers.csproj", "{92B8DF18-EEF1-45CB-A842-FF6045C8DCC9}"
EndProject
Project("{FAE04EC0-301F-11D3-BF4B-00C04F79EFBC}") = "NorthWind.Sales.IoC", "NorthWind.Sales.IoC\NorthWind.Sales.IoC.csproj", "{F6DCF658-2E58-4074-8023-DE91A2DF5B76}"
EndProject
Project("{2150E333-8FDC-42A3-9474-1A3956D46DE8}") = "UIs", "UIs", "{E9584943-0333-44F6-A236-6276EA29BC24}"
EndProject
Project("{FAE04EC0-301F-11D3-BF4B-00C04F79EFBC}") = "NorthWind.Sales.WebApi", "NorthWind.Sales.WebApi\NorthWind.Sales.WebApi.csproj", "{28680AFC-3457-4EA9-AF8D-B1D5244C449B}"
EndProject
Global
	GlobalSection(SolutionConfigurationPlatforms) = preSolution
		Debug|Any CPU = Debug|Any CPU
		Release|Any CPU = Release|Any CPU
	EndGlobalSection
	GlobalSection(ProjectConfigurationPlatforms) = postSolution
		{E25D6BBD-CA20-4208-8EFD-3E3FCD17AA20}.Debug|Any CPU.ActiveCfg = Debug|Any CPU
		{E25D6BBD-CA20-4208-8EFD-3E3FCD17AA20}.Debug|Any CPU.Build.0 = Debug|Any CPU
		{E25D6BBD-CA20-4208-8EFD-3E3FCD17AA20}.Release|Any CPU.ActiveCfg = Release|Any CPU
		{E25D6BBD-CA20-4208-8EFD-3E3FCD17AA20}.Release|Any CPU.Build.0 = Release|Any CPU
		{B1B758EA-FD6F-4C45-8312-AB2E35DC336F}.Debug|Any CPU.ActiveCfg = Debug|Any CPU
		{B1B758EA-FD6F-4C45-8312-AB2E35DC336F}.Debug|Any CPU.Build.0 = Debug|Any CPU
		{B1B758EA-FD6F-4C45-8312-AB2E35DC336F}.Release|Any CPU.ActiveCfg = Release|Any CPU
		{B1B758EA-FD6F-4C45-8312-AB2E35DC336F}.Release|Any CPU.Build.0 = Release|Any CPU
		{C436599F-C343-4D56-B21A-AC3E004D8CDE}.Debug|Any CPU.ActiveCfg = Debug|Any CPU
		{C436599F-C343-4D56-B21A-AC3E004D8CDE}.Debug|Any CPU.Build.0 = Debug|Any CPU
		{C436599F-C343-4D56-B21A-AC3E004D8CDE}.Release|Any CPU.ActiveCfg = Release|Any CPU
		{C436599F-C343-4D56-B21A-AC3E004D8CDE}.Release|Any CPU.Build.0 = Release|Any CPU
		{64C40A9F-825B-4186-88D5-2373843ED193}.Debug|Any CPU.ActiveCfg = Debug|Any CPU
		{64C40A9F-825B-4186-88D5-2373843ED193}.Debug|Any CPU.Build.0 = Debug|Any CPU
		{64C40A9F-825B-4186-88D5-2373843ED193}.Release|Any CPU.ActiveCfg = Release|Any CPU
		{64C40A9F-825B-4186-88D5-2373843ED193}.Release|Any CPU.Build.0 = Release|Any CPU
		{DF3132B7-51BC-4C01-9C78-359B17048EEF}.Debug|Any CPU.ActiveCfg = Debug|Any CPU
		{DF3132B7-51BC-4C01-9C78-359B17048EEF}.Debug|Any CPU.Build.0 = Debug|Any CPU
		{DF3132B7-51BC-4C01-9C78-359B17048EEF}.Release|Any CPU.ActiveCfg = Release|Any CPU
		{DF3132B7-51BC-4C01-9C78-359B17048EEF}.Release|Any CPU.Build.0 = Release|Any CPU
		{92B8DF18-EEF1-45CB-A842-FF6045C8DCC9}.Debug|Any CPU.ActiveCfg = Debug|Any CPU
		{92B8DF18-EEF1-45CB-A842-FF6045C8DCC9}.Debug|Any CPU.Build.0 = Debug|Any CPU
		{92B8DF18-EEF1-45CB-A842-FF6045C8DCC9}.Release|Any CPU.ActiveCfg = Release|Any CPU
		{92B8DF18-EEF1-45CB-A842-FF6045C8DCC9}.Release|Any CPU.Build.0 = Release|Any CPU
		{F6DCF658-2E58-4074-8023-DE91A2DF5B76}.Debug|Any CPU.ActiveCfg = Debug|Any CPU
		{F6DCF658-2E58-4074-8023-DE91A2DF5B76}.Debug|Any CPU.Build.0 = Debug|Any CPU
		{F6DCF658-2E58-4074-8023-DE91A2DF5B76}.Release|Any CPU.ActiveCfg = Release|Any CPU
		{F6DCF658-2E58-4074-8023-DE91A2DF5B76}.Release|Any CPU.Build.0 = Release|Any CPU
		{28680AFC-3457-4EA9-AF8D-B1D5244C449B}.Debug|Any CPU.ActiveCfg = Debug|Any CPU
		{28680AFC-3457-4EA9-AF8D-B1D5244C449B}.Debug|Any CPU.Build.0 = Debug|Any CPU
		{28680AFC-3457-4EA9-AF8D-B1D5244C449B}.Release|Any CPU.ActiveCfg = Release|Any CPU
		{28680AFC-3457-4EA9-AF8D-B1D5244C449B}.Release|Any CPU.Build.0 = Release|Any CPU
	EndGlobalSection
	GlobalSection(SolutionProperties) = preSolution
		HideSolutionNode = FALSE
	EndGlobalSection
	GlobalSection(NestedProjects) = preSolution
		{E25D6BBD-CA20-4208-8EFD-3E3FCD17AA20} = {C8DD602F-50FC-40F0-BB6B-F5ACC6EF5B22}
		{B1B758EA-FD6F-4C45-8312-AB2E35DC336F} = {BA78EF3E-3BF0-4986-8E43-D0BC3F3DF0F1}
		{C436599F-C343-4D56-B21A-AC3E004D8CDE} = {BA78EF3E-3BF0-4986-8E43-D0BC3F3DF0F1}
		{B6E8CEB3-9B1E-431C-B154-94C5763BA696} = {39DE4A75-7C83-445D-A2BD-A7DD93C03B05}
		{84B27C97-F3BF-4A69-BF6D-A058C1B5AE9C} = {B6E8CEB3-9B1E-431C-B154-94C5763BA696}
		{64C40A9F-825B-4186-88D5-2373843ED193} = {84B27C97-F3BF-4A69-BF6D-A058C1B5AE9C}
		{BD870DDF-DADF-4A07-BC21-FB34202FB8FF} = {39DE4A75-7C83-445D-A2BD-A7DD93C03B05}
		{DF3132B7-51BC-4C01-9C78-359B17048EEF} = {BD870DDF-DADF-4A07-BC21-FB34202FB8FF}
		{80FDBE1A-26C3-4047-B2D2-0407774FF6C0} = {39DE4A75-7C83-445D-A2BD-A7DD93C03B05}
		{92B8DF18-EEF1-45CB-A842-FF6045C8DCC9} = {80FDBE1A-26C3-4047-B2D2-0407774FF6C0}
		{F6DCF658-2E58-4074-8023-DE91A2DF5B76} = {39DE4A75-7C83-445D-A2BD-A7DD93C03B05}
		{E9584943-0333-44F6-A236-6276EA29BC24} = {E6A98B03-2C5F-4363-9DC5-30B5B2A1B52F}
		{28680AFC-3457-4EA9-AF8D-B1D5244C449B} = {E9584943-0333-44F6-A236-6276EA29BC24}
	EndGlobalSection
	GlobalSection(ExtensibilityGlobals) = postSolution
		SolutionGuid = {E137E713-12E4-4E1B-A207-B9E3DEBAD0F4}
	EndGlobalSection
EndGlobal
